
Microsoft Visual Studio Solution File, Format Version 12.00
# Visual Studio Version 17
VisualStudioVersion = 17.11.35327.3
MinimumVisualStudioVersion = 10.0.40219.1
Project("{FAE04EC0-301F-11D3-BF4B-00C04F79EFBC}") = "bi week 6", "bi week 6.csproj", "{63104583-1133-4444-BF50-C1DF0BBFDA86}"
EndProject
Global
	GlobalSection(SolutionConfigurationPlatforms) = preSolution
		Debug|Any CPU = Debug|Any CPU
		Release|Any CPU = Release|Any CPU
	EndGlobalSection
	GlobalSection(ProjectConfigurationPlatforms) = postSolution
		{63104583-1133-4444-BF50-C1DF0BBFDA86}.Debug|Any CPU.ActiveCfg = Debug|Any CPU
		{63104583-1133-4444-BF50-C1DF0BBFDA86}.Debug|Any CPU.Build.0 = Debug|Any CPU
		{63104583-1133-4444-BF50-C1DF0BBFDA86}.Release|Any CPU.ActiveCfg = Release|Any CPU
		{63104583-1133-4444-BF50-C1DF0BBFDA86}.Release|Any CPU.Build.0 = Release|Any CPU
	EndGlobalSection
	GlobalSection(SolutionProperties) = preSolution
		HideSolutionNode = FALSE
	EndGlobalSection
	GlobalSection(ExtensibilityGlobals) = postSolution
		SolutionGuid = {8401C923-ABE6-4FD2-B870-DF8BE4F33A69}
	EndGlobalSection
EndGlobal
